
Microsoft Visual Studio Solution File, Format Version 12.00
# Visual Studio Version 17
VisualStudioVersion = 17.11.35312.102
MinimumVisualStudioVersion = 10.0.40219.1
Project("{FAE04EC0-301F-11D3-BF4B-00C04F79EFBC}") = "ProfielService", "ProfielService\ProfielService.csproj", "{2E2313F7-B478-4BF3-8523-7615B07F02D1}"
EndProject
Global
	GlobalSection(SolutionConfigurationPlatforms) = preSolution
		Debug|Any CPU = Debug|Any CPU
		Release|Any CPU = Release|Any CPU
	EndGlobalSection
	GlobalSection(ProjectConfigurationPlatforms) = postSolution
		{2E2313F7-B478-4BF3-8523-7615B07F02D1}.Debug|Any CPU.ActiveCfg = Debug|Any CPU
		{2E2313F7-B478-4BF3-8523-7615B07F02D1}.Debug|Any CPU.Build.0 = Debug|Any CPU
		{2E2313F7-B478-4BF3-8523-7615B07F02D1}.Release|Any CPU.ActiveCfg = Release|Any CPU
		{2E2313F7-B478-4BF3-8523-7615B07F02D1}.Release|Any CPU.Build.0 = Release|Any CPU
	EndGlobalSection
	GlobalSection(SolutionProperties) = preSolution
		HideSolutionNode = FALSE
	EndGlobalSection
	GlobalSection(ExtensibilityGlobals) = postSolution
		SolutionGuid = {4CAE6F79-8C11-4BFA-8161-F95FD8CCCB66}
	EndGlobalSection
EndGlobal
